{
  "name": "pinia",
  "version": "0.0.0",
  "lockfileVersion": 1,
  "requires": true,
  "dependencies": {
    "@babel/parser": {
      "version": "7.18.11",
      "resolved": "http://registry.npm.oa.com/@babel/parser/download/@babel/parser-7.18.11.tgz",
      "integrity": "sha1-aLsHqz04Cv+po/lnKN8HlpZF0tk="
    },
    "@esbuild/linux-loong64": {
      "version": "0.14.54",
      "resolved": "http://registry.npm.oa.com/@esbuild/linux-loong64/download/@esbuild/linux-loong64-0.14.54.tgz",
      "integrity": "sha1-3ipL5ni9TQ0f+7hubed5zeWZkCg=",
      "dev": true,
      "optional": true
    },
    "@vitejs/plugin-vue": {
      "version": "3.0.1",
      "resolved": "http://registry.npm.oa.com/@vitejs/plugin-vue/download/@vitejs/plugin-vue-3.0.1.tgz",
      "integrity": "sha1-tq+PeCSFN0u7X+Ce3wZ6hFv0yq4=",
      "dev": true
    },
    "@vue/compiler-core": {
      "version": "3.2.37",
      "resolved": "http://registry.npm.oa.com/@vue/compiler-core/download/@vue/compiler-core-3.2.37.tgz",
      "integrity": "sha1-s8QuBMDg8sSW/xeE5UP77+keIVo=",
      "requires": {
        "@babel/parser": "^7.16.4",
        "@vue/shared": "3.2.37",
        "estree-walker": "^2.0.2",
        "source-map": "^0.6.1"
      }
    },
    "@vue/compiler-dom": {
      "version": "3.2.37",
      "resolved": "http://registry.npm.oa.com/@vue/compiler-dom/download/@vue/compiler-dom-3.2.37.tgz",
      "integrity": "sha1-ENJCeniefHB8hy2p1njIKgxlgrU=",
      "requires": {
        "@vue/compiler-core": "3.2.37",
        "@vue/shared": "3.2.37"
      }
    },
    "@vue/compiler-sfc": {
      "version": "3.2.37",
      "resolved": "http://registry.npm.oa.com/@vue/compiler-sfc/download/@vue/compiler-sfc-3.2.37.tgz",
      "integrity": "sha1-MQOvPaL0AobtzYXqSV3LNbx/X/Q=",
      "requires": {
        "@babel/parser": "^7.16.4",
        "@vue/compiler-core": "3.2.37",
        "@vue/compiler-dom": "3.2.37",
        "@vue/compiler-ssr": "3.2.37",
        "@vue/reactivity-transform": "3.2.37",
        "@vue/shared": "3.2.37",
        "estree-walker": "^2.0.2",
        "magic-string": "^0.25.7",
        "postcss": "^8.1.10",
        "source-map": "^0.6.1"
      }
    },
    "@vue/compiler-ssr": {
      "version": "3.2.37",
      "resolved": "http://registry.npm.oa.com/@vue/compiler-ssr/download/@vue/compiler-ssr-3.2.37.tgz",
      "integrity": "sha1-SJnRnzpfr9YVJKnRrujrBQUxPP8=",
      "requires": {
        "@vue/compiler-dom": "3.2.37",
        "@vue/shared": "3.2.37"
      }
    },
    "@vue/devtools-api": {
      "version": "6.2.1",
      "resolved": "http://registry.npm.oa.com/@vue/devtools-api/download/@vue/devtools-api-6.2.1.tgz",
      "integrity": "sha1-bylI/wAuxG3wFCDf7/kd4WxbQJI="
    },
    "@vue/reactivity": {
      "version": "3.2.37",
      "resolved": "http://registry.npm.oa.com/@vue/reactivity/download/@vue/reactivity-3.2.37.tgz",
      "integrity": "sha1-W8OEesWIKOK3hSbgghngoQifiEg=",
      "requires": {
        "@vue/shared": "3.2.37"
      }
    },
    "@vue/reactivity-transform": {
      "version": "3.2.37",
      "resolved": "http://registry.npm.oa.com/@vue/reactivity-transform/download/@vue/reactivity-transform-3.2.37.tgz",
      "integrity": "sha1-DKpHxDRN9K5Z9aBd3iqHWIKfjso=",
      "requires": {
        "@babel/parser": "^7.16.4",
        "@vue/compiler-core": "3.2.37",
        "@vue/shared": "3.2.37",
        "estree-walker": "^2.0.2",
        "magic-string": "^0.25.7"
      }
    },
    "@vue/runtime-core": {
      "version": "3.2.37",
      "resolved": "http://registry.npm.oa.com/@vue/runtime-core/download/@vue/runtime-core-3.2.37.tgz",
      "integrity": "sha1-e6fFS7VuXXDt/C8Fdm4cqFGZZuM=",
      "requires": {
        "@vue/reactivity": "3.2.37",
        "@vue/shared": "3.2.37"
      }
    },
    "@vue/runtime-dom": {
      "version": "3.2.37",
      "resolved": "http://registry.npm.oa.com/@vue/runtime-dom/download/@vue/runtime-dom-3.2.37.tgz",
      "integrity": "sha1-ACvcgij6Y5STF3Vvseks3T+fS70=",
      "requires": {
        "@vue/runtime-core": "3.2.37",
        "@vue/shared": "3.2.37",
        "csstype": "^2.6.8"
      }
    },
    "@vue/server-renderer": {
      "version": "3.2.37",
      "resolved": "http://registry.npm.oa.com/@vue/server-renderer/download/@vue/server-renderer-3.2.37.tgz",
      "integrity": "sha1-hAopyNzCm93ZtfX/oiuVwOcq/fw=",
      "requires": {
        "@vue/compiler-ssr": "3.2.37",
        "@vue/shared": "3.2.37"
      }
    },
    "@vue/shared": {
      "version": "3.2.37",
      "resolved": "http://registry.npm.oa.com/@vue/shared/download/@vue/shared-3.2.37.tgz",
      "integrity": "sha1-jmrcPydZr1Lw6Fhj37C3EezFxwI="
    },
    "csstype": {
      "version": "2.6.20",
      "resolved": "http://registry.npm.oa.com/csstype/download/csstype-2.6.20.tgz",
      "integrity": "sha1-kinGXqCyYM9NPZl8sGKI42qNbdo="
    },
    "esbuild": {
      "version": "0.14.54",
      "resolved": "http://registry.npm.oa.com/esbuild/download/esbuild-0.14.54.tgz",
      "integrity": "sha1-i0Tc8rDxpm/CJFmUPcz0d1NemqI=",
      "dev": true,
      "requires": {
        "@esbuild/linux-loong64": "0.14.54",
        "esbuild-android-64": "0.14.54",
        "esbuild-android-arm64": "0.14.54",
        "esbuild-darwin-64": "0.14.54",
        "esbuild-darwin-arm64": "0.14.54",
        "esbuild-freebsd-64": "0.14.54",
        "esbuild-freebsd-arm64": "0.14.54",
        "esbuild-linux-32": "0.14.54",
        "esbuild-linux-64": "0.14.54",
        "esbuild-linux-arm": "0.14.54",
        "esbuild-linux-arm64": "0.14.54",
        "esbuild-linux-mips64le": "0.14.54",
        "esbuild-linux-ppc64le": "0.14.54",
        "esbuild-linux-riscv64": "0.14.54",
        "esbuild-linux-s390x": "0.14.54",
        "esbuild-netbsd-64": "0.14.54",
        "esbuild-openbsd-64": "0.14.54",
        "esbuild-sunos-64": "0.14.54",
        "esbuild-windows-32": "0.14.54",
        "esbuild-windows-64": "0.14.54",
        "esbuild-windows-arm64": "0.14.54"
      }
    },
    "esbuild-android-64": {
      "version": "0.14.54",
      "resolved": "http://registry.npm.oa.com/esbuild-android-64/download/esbuild-android-64-0.14.54.tgz",
      "integrity": "sha1-UF9BgyiEMTu6/7J3BLi8qi2GFr4=",
      "dev": true,
      "optional": true
    },
    "esbuild-android-arm64": {
      "version": "0.14.54",
      "resolved": "http://registry.npm.oa.com/esbuild-android-arm64/download/esbuild-android-arm64-0.14.54.tgz",
      "integrity": "sha1-jOadfKuklkbgCZaP5XVKIamHF3E=",
      "dev": true,
      "optional": true
    },
    "esbuild-darwin-64": {
      "version": "0.14.54",
      "resolved": "http://registry.npm.oa.com/esbuild-darwin-64/download/esbuild-darwin-64-0.14.54.tgz",
      "integrity": "sha1-JLpnuajLiQo8CNkBj4h8wiHN2iU=",
      "dev": true,
      "optional": true
    },
    "esbuild-darwin-arm64": {
      "version": "0.14.54",
      "resolved": "http://registry.npm.oa.com/esbuild-darwin-arm64/download/esbuild-darwin-arm64-0.14.54.tgz",
      "integrity": "sha1-P3zbeIiO4F5IjSUKK9qrH6Zxv3M=",
      "dev": true,
      "optional": true
    },
    "esbuild-freebsd-64": {
      "version": "0.14.54",
      "resolved": "http://registry.npm.oa.com/esbuild-freebsd-64/download/esbuild-freebsd-64-0.14.54.tgz",
      "integrity": "sha1-CSUPmXpW7UZQ8+GXnJBf/EC76U0=",
      "dev": true,
      "optional": true
    },
    "esbuild-freebsd-arm64": {
      "version": "0.14.54",
      "resolved": "http://registry.npm.oa.com/esbuild-freebsd-arm64/download/esbuild-freebsd-arm64-0.14.54.tgz",
      "integrity": "sha1-uvtG7QT8X5fL2wFthpR6eVefjkg=",
      "dev": true,
      "optional": true
    },
    "esbuild-linux-32": {
      "version": "0.14.54",
      "resolved": "http://registry.npm.oa.com/esbuild-linux-32/download/esbuild-linux-32-0.14.54.tgz",
      "integrity": "sha1-4qjEqO/cNVQFMlAz/OvrlB94H+U=",
      "dev": true,
      "optional": true
    },
    "esbuild-linux-64": {
      "version": "0.14.54",
      "resolved": "http://registry.npm.oa.com/esbuild-linux-64/download/esbuild-linux-64-0.14.54.tgz",
      "integrity": "sha1-3l/boclWZs9yNp9StAsDvnEiZlI=",
      "dev": true,
      "optional": true
    },
    "esbuild-linux-arm": {
      "version": "0.14.54",
      "resolved": "http://registry.npm.oa.com/esbuild-linux-arm/download/esbuild-linux-arm-0.14.54.tgz",
      "integrity": "sha1-osHf9tDyHb6PxpmKEiZ1Uz3fzVk=",
      "dev": true,
      "optional": true
    },
    "esbuild-linux-arm64": {
      "version": "0.14.54",
      "resolved": "http://registry.npm.oa.com/esbuild-linux-arm64/download/esbuild-linux-arm64-0.14.54.tgz",
      "integrity": "sha1-2uTNQq6Xh0aLalwVjaTIToOwzos=",
      "dev": true,
      "optional": true
    },
    "esbuild-linux-mips64le": {
      "version": "0.14.54",
      "resolved": "http://registry.npm.oa.com/esbuild-linux-mips64le/download/esbuild-linux-mips64le-0.14.54.tgz",
      "integrity": "sha1-2ZGOnky5cvjW2ujoZVv57hMe2jQ=",
      "dev": true,
      "optional": true
    },
    "esbuild-linux-ppc64le": {
      "version": "0.14.54",
      "resolved": "http://registry.npm.oa.com/esbuild-linux-ppc64le/download/esbuild-linux-ppc64le-0.14.54.tgz",
      "integrity": "sha1-P5oPbUEHP7GmQGgIRcfeUplfE34=",
      "dev": true,
      "optional": true
    },
    "esbuild-linux-riscv64": {
      "version": "0.14.54",
      "resolved": "http://registry.npm.oa.com/esbuild-linux-riscv64/download/esbuild-linux-riscv64-0.14.54.tgz",
      "integrity": "sha1-YYhTwCgXimGDe8eZ0gE9RpXkUcg=",
      "dev": true,
      "optional": true
    },
    "esbuild-linux-s390x": {
      "version": "0.14.54",
      "resolved": "http://registry.npm.oa.com/esbuild-linux-s390x/download/esbuild-linux-s390x-0.14.54.tgz",
      "integrity": "sha1-0YhcTFp2u7Wg/hguLIxg654p8qY=",
      "dev": true,
      "optional": true
    },
    "esbuild-netbsd-64": {
      "version": "0.14.54",
      "resolved": "http://registry.npm.oa.com/esbuild-netbsd-64/download/esbuild-netbsd-64-0.14.54.tgz",
      "integrity": "sha1-aa6Rei/yQbffHb8iuvBL0zA0noE=",
      "dev": true,
      "optional": true
    },
    "esbuild-openbsd-64": {
      "version": "0.14.54",
      "resolved": "http://registry.npm.oa.com/esbuild-openbsd-64/download/esbuild-openbsd-64-0.14.54.tgz",
      "integrity": "sha1-20yElSh6NQpnkN4i7eokelfF1Hs=",
      "dev": true,
      "optional": true
    },
    "esbuild-sunos-64": {
      "version": "0.14.54",
      "resolved": "http://registry.npm.oa.com/esbuild-sunos-64/download/esbuild-sunos-64-0.14.54.tgz",
      "integrity": "sha1-VCh+49pz04RLchwhvIDB3H4b99o=",
      "dev": true,
      "optional": true
    },
    "esbuild-windows-32": {
      "version": "0.14.54",
      "resolved": "http://registry.npm.oa.com/esbuild-windows-32/download/esbuild-windows-32-0.14.54.tgz",
      "integrity": "sha1-+Kr5pWZ2MLQPD7OqN78Bu9NAzjE=",
      "dev": true,
      "optional": true
    },
    "esbuild-windows-64": {
      "version": "0.14.54",
      "resolved": "http://registry.npm.oa.com/esbuild-windows-64/download/esbuild-windows-64-0.14.54.tgz",
      "integrity": "sha1-v1S1G9PpsPGIb/2yJKQXYDHqCvQ=",
      "dev": true,
      "optional": true
    },
    "esbuild-windows-arm64": {
      "version": "0.14.54",
      "resolved": "http://registry.npm.oa.com/esbuild-windows-arm64/download/esbuild-windows-arm64-0.14.54.tgz",
      "integrity": "sha1-k30VZ1oV5LDk+v26o6Aad2or6YI=",
      "dev": true,
      "optional": true
    },
    "estree-walker": {
      "version": "2.0.2",
      "resolved": "http://registry.npm.oa.com/estree-walker/download/estree-walker-2.0.2.tgz",
      "integrity": "sha1-UvAQF4wqTBF6d1fP6UKtt9LaTKw="
    },
    "fsevents": {
      "version": "2.3.2",
      "resolved": "http://registry.npm.oa.com/fsevents/download/fsevents-2.3.2.tgz",
      "integrity": "sha1-ilJveLj99GI7cJ4Ll1xSwkwC/Ro=",
      "dev": true,
      "optional": true
    },
    "function-bind": {
      "version": "1.1.1",
      "resolved": "http://registry.npm.oa.com/function-bind/download/function-bind-1.1.1.tgz",
      "integrity": "sha1-pWiZ0+o8m6uHS7l3O3xe3pL0iV0=",
      "dev": true
    },
    "has": {
      "version": "1.0.3",
      "resolved": "http://registry.npm.oa.com/has/download/has-1.0.3.tgz",
      "integrity": "sha1-ci18v8H2qoJB8W3YFOAR4fQeh5Y=",
      "dev": true,
      "requires": {
        "function-bind": "^1.1.1"
      }
    },
    "is-core-module": {
      "version": "2.10.0",
      "resolved": "http://registry.npm.oa.com/is-core-module/download/is-core-module-2.10.0.tgz",
      "integrity": "sha1-kBLt4KkcaVh+ZHUU4dUncBnnKO0=",
      "dev": true,
      "requires": {
        "has": "^1.0.3"
      }
    },
    "magic-string": {
      "version": "0.25.9",
      "resolved": "http://registry.npm.oa.com/magic-string/download/magic-string-0.25.9.tgz",
      "integrity": "sha1-3n+fr5HvihyR0CwuUxTIJ3283Rw=",
      "requires": {
        "sourcemap-codec": "^1.4.8"
      }
    },
    "nanoid": {
      "version": "3.3.4",
      "resolved": "http://registry.npm.oa.com/nanoid/download/nanoid-3.3.4.tgz",
      "integrity": "sha1-cwtn480J4t6s8DwCfIHJ2dvF6Ks="
    },
    "path-parse": {
      "version": "1.0.7",
      "resolved": "http://registry.npm.oa.com/path-parse/download/path-parse-1.0.7.tgz",
      "integrity": "sha1-+8EUtgykKzDZ2vWFjkvWi77bZzU=",
      "dev": true
    },
    "picocolors": {
      "version": "1.0.0",
      "resolved": "http://registry.npm.oa.com/picocolors/download/picocolors-1.0.0.tgz",
      "integrity": "sha1-y1vcdP8/UYkiNur3nWi8RFZKuBw="
    },
    "pinia": {
      "version": "2.0.17",
      "resolved": "http://registry.npm.oa.com/pinia/download/pinia-2.0.17.tgz",
      "integrity": "sha1-+SXl5Pc8FeFt+0g4F2qcpQdS8ms=",
      "requires": {
        "@vue/devtools-api": "^6.2.1",
        "vue-demi": "*"
      }
    },
    "postcss": {
      "version": "8.4.16",
      "resolved": "http://registry.npm.oa.com/postcss/download/postcss-8.4.16.tgz",
      "integrity": "sha1-M6HWdfrDmUH19EXbDeTbK24B1Dw=",
      "requires": {
        "nanoid": "^3.3.4",
        "picocolors": "^1.0.0",
        "source-map-js": "^1.0.2"
      }
    },
    "resolve": {
      "version": "1.22.1",
      "resolved": "http://registry.npm.oa.com/resolve/download/resolve-1.22.1.tgz",
      "integrity": "sha1-J8suu1P5GrtJRwqSi7p1WAZqwXc=",
      "dev": true,
      "requires": {
        "is-core-module": "^2.9.0",
        "path-parse": "^1.0.7",
        "supports-preserve-symlinks-flag": "^1.0.0"
      }
    },
    "rollup": {
      "version": "2.77.3",
      "resolved": "http://registry.npm.oa.com/rollup/download/rollup-2.77.3.tgz",
      "integrity": "sha1-jwBBjTonQANuFd62U77RqQ7gzBI=",
      "dev": true,
      "requires": {
        "fsevents": "~2.3.2"
      }
    },
    "source-map": {
      "version": "0.6.1",
      "resolved": "http://registry.npm.oa.com/source-map/download/source-map-0.6.1.tgz",
      "integrity": "sha1-dHIq8y6WFOnCh6jQu95IteLxomM="
    },
    "source-map-js": {
      "version": "1.0.2",
      "resolved": "http://registry.npm.oa.com/source-map-js/download/source-map-js-1.0.2.tgz",
      "integrity": "sha1-rbw2HZxi3zgBJefxYfccgm8eSQw="
    },
    "sourcemap-codec": {
      "version": "1.4.8",
      "resolved": "http://registry.npm.oa.com/sourcemap-codec/download/sourcemap-codec-1.4.8.tgz",
      "integrity": "sha1-6oBL2UhXQC5pktBaOO8a41qatMQ="
    },
    "supports-preserve-symlinks-flag": {
      "version": "1.0.0",
      "resolved": "http://registry.npm.oa.com/supports-preserve-symlinks-flag/download/supports-preserve-symlinks-flag-1.0.0.tgz",
      "integrity": "sha1-btpL00SjyUrqN21MwxvHcxEDngk=",
      "dev": true
    },
    "vite": {
      "version": "3.0.8",
      "resolved": "http://registry.npm.oa.com/vite/download/vite-3.0.8.tgz",
      "integrity": "sha1-qgla2OPl2kbZ7H6HjyYmeJZdZTE=",
      "dev": true,
      "requires": {
        "esbuild": "^0.14.47",
        "fsevents": "~2.3.2",
        "postcss": "^8.4.16",
        "resolve": "^1.22.1",
        "rollup": ">=2.75.6 <2.77.0 || ~2.77.0"
      }
    },
    "vue": {
      "version": "3.2.37",
      "resolved": "http://registry.npm.oa.com/vue/download/vue-3.2.37.tgz",
      "integrity": "sha1-2iIMy2GNeFedJbBsfCFJjKTlRS4=",
      "requires": {
        "@vue/compiler-dom": "3.2.37",
        "@vue/compiler-sfc": "3.2.37",
        "@vue/runtime-dom": "3.2.37",
        "@vue/server-renderer": "3.2.37",
        "@vue/shared": "3.2.37"
      }
    },
    "vue-demi": {
      "version": "0.13.6",
      "resolved": "http://registry.npm.oa.com/vue-demi/download/vue-demi-0.13.6.tgz",
      "integrity": "sha1-+UM8vXXmipcN7AZmR/S6bAjO1I8="
    }
  }
}
